
Microsoft Visual Studio Solution File, Format Version 12.00
# Visual Studio Version 17
VisualStudioVersion = 17.14.36408.4 d17.14
MinimumVisualStudioVersion = 10.0.40219.1
Project("{FAE04EC0-301F-11D3-BF4B-00C04F79EFBC}") = "PersonelTakip", "PersonelTakip.csproj", "{ADFBD5BD-1469-410A-9633-188EF4362BF0}"
EndProject
Global
	GlobalSection(SolutionConfigurationPlatforms) = preSolution
		Debug|Any CPU = Debug|Any CPU
		Release|Any CPU = Release|Any CPU
	EndGlobalSection
	GlobalSection(ProjectConfigurationPlatforms) = postSolution
		{ADFBD5BD-1469-410A-9633-188EF4362BF0}.Debug|Any CPU.ActiveCfg = Debug|Any CPU
		{ADFBD5BD-1469-410A-9633-188EF4362BF0}.Debug|Any CPU.Build.0 = Debug|Any CPU
		{ADFBD5BD-1469-410A-9633-188EF4362BF0}.Release|Any CPU.ActiveCfg = Release|Any CPU
		{ADFBD5BD-1469-410A-9633-188EF4362BF0}.Release|Any CPU.Build.0 = Release|Any CPU
	EndGlobalSection
	GlobalSection(SolutionProperties) = preSolution
		HideSolutionNode = FALSE
	EndGlobalSection
	GlobalSection(ExtensibilityGlobals) = postSolution
		SolutionGuid = {6D51C584-3BAB-4AF1-997A-B6651205DBF2}
	EndGlobalSection
EndGlobal
